
Microsoft Visual Studio Solution File, Format Version 12.00
# Visual Studio 14
VisualStudioVersion = 14.0.25420.1
MinimumVisualStudioVersion = 10.0.40219.1
Project("{FAE04EC0-301F-11D3-BF4B-00C04F79EFBC}") = "EFilingMailWindowsService", "EFilingMailWindowsService\EFilingMailWindowsService.csproj", "{2818AD3F-CBEE-48FE-95B7-F02F0E2A87C1}"
EndProject
Project("{FAE04EC0-301F-11D3-BF4B-00C04F79EFBC}") = "EFilingMailWindowsServiceTest", "EFilingMailWindowsServiceTest\EFilingMailWindowsServiceTest.csproj", "{9CAD3895-D34C-453E-830D-24F9AEC7AE74}"
EndProject
Project("{FAE04EC0-301F-11D3-BF4B-00C04F79EFBC}") = "eFilingMailServiceSetting", "eFilingWindowsServiceSetting\eFilingMailServiceSetting.csproj", "{0F78E754-A19F-498F-BC55-09C5ECFC882D}"
EndProject
Project("{FAE04EC0-301F-11D3-BF4B-00C04F79EFBC}") = "EFilingConvertPDFTool", "EFilingConvertPDFTool\EFilingConvertPDFTool.csproj", "{11A55E42-1F48-4932-9272-A69A8A2B7661}"
EndProject
Project("{54435603-DBB4-11D2-8724-00A0C9A8B90C}") = "EFilingMailWindowsServiceSetup", "EFilingMailWindowsServiceSetup\EFilingMailWindowsServiceSetup.vdproj", "{382B7D69-5E08-4DAC-BFEC-CE3483785372}"
EndProject
Project("{FAE04EC0-301F-11D3-BF4B-00C04F79EFBC}") = "eFiling", "eFiling\eFiling.csproj", "{1E44603C-53BC-451A-9B90-C9A17B051424}"
EndProject
Global
	GlobalSection(SolutionConfigurationPlatforms) = preSolution
		Debug|Any CPU = Debug|Any CPU
		Debug|x86 = Debug|x86
		Release|Any CPU = Release|Any CPU
		Release|x86 = Release|x86
	EndGlobalSection
	GlobalSection(ProjectConfigurationPlatforms) = postSolution
		{2818AD3F-CBEE-48FE-95B7-F02F0E2A87C1}.Debug|Any CPU.ActiveCfg = Debug|Any CPU
		{2818AD3F-CBEE-48FE-95B7-F02F0E2A87C1}.Debug|Any CPU.Build.0 = Debug|Any CPU
		{2818AD3F-CBEE-48FE-95B7-F02F0E2A87C1}.Debug|x86.ActiveCfg = Debug|Any CPU
		{2818AD3F-CBEE-48FE-95B7-F02F0E2A87C1}.Debug|x86.Build.0 = Debug|Any CPU
		{2818AD3F-CBEE-48FE-95B7-F02F0E2A87C1}.Release|Any CPU.ActiveCfg = Release|Any CPU
		{2818AD3F-CBEE-48FE-95B7-F02F0E2A87C1}.Release|Any CPU.Build.0 = Release|Any CPU
		{2818AD3F-CBEE-48FE-95B7-F02F0E2A87C1}.Release|x86.ActiveCfg = Release|Any CPU
		{2818AD3F-CBEE-48FE-95B7-F02F0E2A87C1}.Release|x86.Build.0 = Release|Any CPU
		{9CAD3895-D34C-453E-830D-24F9AEC7AE74}.Debug|Any CPU.ActiveCfg = Debug|Any CPU
		{9CAD3895-D34C-453E-830D-24F9AEC7AE74}.Debug|Any CPU.Build.0 = Debug|Any CPU
		{9CAD3895-D34C-453E-830D-24F9AEC7AE74}.Debug|x86.ActiveCfg = Debug|Any CPU
		{9CAD3895-D34C-453E-830D-24F9AEC7AE74}.Debug|x86.Build.0 = Debug|Any CPU
		{9CAD3895-D34C-453E-830D-24F9AEC7AE74}.Release|Any CPU.ActiveCfg = Release|Any CPU
		{9CAD3895-D34C-453E-830D-24F9AEC7AE74}.Release|Any CPU.Build.0 = Release|Any CPU
		{9CAD3895-D34C-453E-830D-24F9AEC7AE74}.Release|x86.ActiveCfg = Release|Any CPU
		{9CAD3895-D34C-453E-830D-24F9AEC7AE74}.Release|x86.Build.0 = Release|Any CPU
		{0F78E754-A19F-498F-BC55-09C5ECFC882D}.Debug|Any CPU.ActiveCfg = Debug|x86
		{0F78E754-A19F-498F-BC55-09C5ECFC882D}.Debug|x86.ActiveCfg = Debug|x86
		{0F78E754-A19F-498F-BC55-09C5ECFC882D}.Debug|x86.Build.0 = Debug|x86
		{0F78E754-A19F-498F-BC55-09C5ECFC882D}.Release|Any CPU.ActiveCfg = Release|x86
		{0F78E754-A19F-498F-BC55-09C5ECFC882D}.Release|x86.ActiveCfg = Release|x86
		{0F78E754-A19F-498F-BC55-09C5ECFC882D}.Release|x86.Build.0 = Release|x86
		{11A55E42-1F48-4932-9272-A69A8A2B7661}.Debug|Any CPU.ActiveCfg = Debug|Any CPU
		{11A55E42-1F48-4932-9272-A69A8A2B7661}.Debug|Any CPU.Build.0 = Debug|Any CPU
		{11A55E42-1F48-4932-9272-A69A8A2B7661}.Debug|x86.ActiveCfg = Debug|Any CPU
		{11A55E42-1F48-4932-9272-A69A8A2B7661}.Debug|x86.Build.0 = Debug|Any CPU
		{11A55E42-1F48-4932-9272-A69A8A2B7661}.Release|Any CPU.ActiveCfg = Release|Any CPU
		{11A55E42-1F48-4932-9272-A69A8A2B7661}.Release|Any CPU.Build.0 = Release|Any CPU
		{11A55E42-1F48-4932-9272-A69A8A2B7661}.Release|x86.ActiveCfg = Release|Any CPU
		{11A55E42-1F48-4932-9272-A69A8A2B7661}.Release|x86.Build.0 = Release|Any CPU
		{382B7D69-5E08-4DAC-BFEC-CE3483785372}.Debug|Any CPU.ActiveCfg = Debug
		{382B7D69-5E08-4DAC-BFEC-CE3483785372}.Debug|x86.ActiveCfg = Debug
		{382B7D69-5E08-4DAC-BFEC-CE3483785372}.Release|Any CPU.ActiveCfg = Release
		{382B7D69-5E08-4DAC-BFEC-CE3483785372}.Release|x86.ActiveCfg = Release
		{1E44603C-53BC-451A-9B90-C9A17B051424}.Debug|Any CPU.ActiveCfg = Debug|Any CPU
		{1E44603C-53BC-451A-9B90-C9A17B051424}.Debug|Any CPU.Build.0 = Debug|Any CPU
		{1E44603C-53BC-451A-9B90-C9A17B051424}.Debug|x86.ActiveCfg = Debug|Any CPU
		{1E44603C-53BC-451A-9B90-C9A17B051424}.Debug|x86.Build.0 = Debug|Any CPU
		{1E44603C-53BC-451A-9B90-C9A17B051424}.Release|Any CPU.ActiveCfg = Release|Any CPU
		{1E44603C-53BC-451A-9B90-C9A17B051424}.Release|Any CPU.Build.0 = Release|Any CPU
		{1E44603C-53BC-451A-9B90-C9A17B051424}.Release|x86.ActiveCfg = Release|Any CPU
		{1E44603C-53BC-451A-9B90-C9A17B051424}.Release|x86.Build.0 = Release|Any CPU
	EndGlobalSection
	GlobalSection(SolutionProperties) = preSolution
		HideSolutionNode = FALSE
	EndGlobalSection
EndGlobal
